// !$*UTF8*$!
{
	archiveVersion = 1;
	classes = {
	};
	objectVersion = 46;
	objects = {

/* Begin PBXBuildFile section */
		1A0406241E75D94F00A03526 /* AppAnalytics.m in Sources */ = {isa = PBXBuildFile; fileRef = 1A0406211E75D94F00A03526 /* AppAnalytics.m */; };
		1A0406251E75D94F00A03526 /* AppAnalyticsTrackerVCtrl.m in Sources */ = {isa = PBXBuildFile; fileRef = 1A0406231E75D94F00A03526 /* AppAnalyticsTrackerVCtrl.m */; };
		1A04062E1E75D9C500A03526 /* NSData+Category.m in Sources */ = {isa = PBXBuildFile; fileRef = 1A0406271E75D9C500A03526 /* NSData+Category.m */; };
		1A04062F1E75D9C500A03526 /* NSString+Category.m in Sources */ = {isa = PBXBuildFile; fileRef = 1A0406291E75D9C500A03526 /* NSString+Category.m */; };
		1A0406301E75D9C500A03526 /* SettingsModel+Category.m in Sources */ = {isa = PBXBuildFile; fileRef = 1A04062B1E75D9C500A03526 /* SettingsModel+Category.m */; };
		1A0406311E75D9C500A03526 /* UIColor+Category.m in Sources */ = {isa = PBXBuildFile; fileRef = 1A04062D1E75D9C500A03526 /* UIColor+Category.m */; };
		1A0406351E75D9E600A03526 /* AppDateFormatter.m in Sources */ = {isa = PBXBuildFile; fileRef = 1A0406341E75D9E600A03526 /* AppDateFormatter.m */; };
		711BF23619293C50002D2514 /* README.md in Resources */ = {isa = PBXBuildFile; fileRef = 711BF23519293C50002D2514 /* README.md */; };
		71225CC11926DAEE00DA1591 /* Foundation.framework in Frameworks */ = {isa = PBXBuildFile; fileRef = 71225CC01926DAEE00DA1591 /* Foundation.framework */; };
		71225CC31926DAEE00DA1591 /* CoreGraphics.framework in Frameworks */ = {isa = PBXBuildFile; fileRef = 71225CC21926DAEE00DA1591 /* CoreGraphics.framework */; };
		71225CC51926DAEE00DA1591 /* UIKit.framework in Frameworks */ = {isa = PBXBuildFile; fileRef = 71225CC41926DAEE00DA1591 /* UIKit.framework */; };
		71225CCB1926DAEE00DA1591 /* InfoPlist.strings in Resources */ = {isa = PBXBuildFile; fileRef = 71225CC91926DAEE00DA1591 /* InfoPlist.strings */; };
		71225CCD1926DAEE00DA1591 /* main.m in Sources */ = {isa = PBXBuildFile; fileRef = 71225CCC1926DAEE00DA1591 /* main.m */; };
		71225CD11926DAEE00DA1591 /* AppDelegate.m in Sources */ = {isa = PBXBuildFile; fileRef = 71225CD01926DAEE00DA1591 /* AppDelegate.m */; };
		71225CD41926DAEE00DA1591 /* Main_iPhone.storyboard in Resources */ = {isa = PBXBuildFile; fileRef = 71225CD21926DAEE00DA1591 /* Main_iPhone.storyboard */; };
		71225CD71926DAEE00DA1591 /* Main_iPad.storyboard in Resources */ = {isa = PBXBuildFile; fileRef = 71225CD51926DAEE00DA1591 /* Main_iPad.storyboard */; };
		71225CDC1926DAEE00DA1591 /* Images.xcassets in Resources */ = {isa = PBXBuildFile; fileRef = 71225CDB1926DAEE00DA1591 /* Images.xcassets */; };
		71225CE31926DAEE00DA1591 /* XCTest.framework in Frameworks */ = {isa = PBXBuildFile; fileRef = 71225CE21926DAEE00DA1591 /* XCTest.framework */; };
		71225CE41926DAEE00DA1591 /* Foundation.framework in Frameworks */ = {isa = PBXBuildFile; fileRef = 71225CC01926DAEE00DA1591 /* Foundation.framework */; };
		71225CE51926DAEE00DA1591 /* UIKit.framework in Frameworks */ = {isa = PBXBuildFile; fileRef = 71225CC41926DAEE00DA1591 /* UIKit.framework */; };
		71225CED1926DAEE00DA1591 /* InfoPlist.strings in Resources */ = {isa = PBXBuildFile; fileRef = 71225CEB1926DAEE00DA1591 /* InfoPlist.strings */; };
		71225CEF1926DAEE00DA1591 /* DBExampleTests.m in Sources */ = {isa = PBXBuildFile; fileRef = 71225CEE1926DAEE00DA1591 /* DBExampleTests.m */; };
		7122DB6D1926E6AD009936A5 /* DBExample-Info.plist in Resources */ = {isa = PBXBuildFile; fileRef = 71225CC81926DAEE00DA1591 /* DBExample-Info.plist */; };
		7122DB891926E8B1009936A5 /* CFNetwork.framework in Frameworks */ = {isa = PBXBuildFile; fileRef = 7122DB831926E8B0009936A5 /* CFNetwork.framework */; };
		7122DB8A1926E8B1009936A5 /* CoreData.framework in Frameworks */ = {isa = PBXBuildFile; fileRef = 7122DB841926E8B0009936A5 /* CoreData.framework */; };
		7122DB8B1926E8B1009936A5 /* libsqlite3.0.dylib in Frameworks */ = {isa = PBXBuildFile; fileRef = 7122DB851926E8B0009936A5 /* libsqlite3.0.dylib */; };
		7122DB8C1926E8B1009936A5 /* libz.dylib in Frameworks */ = {isa = PBXBuildFile; fileRef = 7122DB861926E8B0009936A5 /* libz.dylib */; };
		7122DB8D1926E8B1009936A5 /* Security.framework in Frameworks */ = {isa = PBXBuildFile; fileRef = 7122DB871926E8B0009936A5 /* Security.framework */; };
		7122DB8E1926E8B1009936A5 /* SystemConfiguration.framework in Frameworks */ = {isa = PBXBuildFile; fileRef = 7122DB881926E8B1009936A5 /* SystemConfiguration.framework */; };
		7122DBBC1926E996009936A5 /* CompanyConvertor.m in Sources */ = {isa = PBXBuildFile; fileRef = 7122DBB71926E996009936A5 /* CompanyConvertor.m */; };
		7122DBBD1926E996009936A5 /* CompanyModel.m in Sources */ = {isa = PBXBuildFile; fileRef = 7122DBB91926E996009936A5 /* CompanyModel.m */; };
		7122DBBE1926E996009936A5 /* CompanyObject.m in Sources */ = {isa = PBXBuildFile; fileRef = 7122DBBB1926E996009936A5 /* CompanyObject.m */; };
		7122DBC11926E9F8009936A5 /* Companies.db in Resources */ = {isa = PBXBuildFile; fileRef = 7122DBC01926E9F8009936A5 /* Companies.db */; };
		7122DBC61926EA21009936A5 /* AddCompanyViewController.m in Sources */ = {isa = PBXBuildFile; fileRef = 7122DBC31926EA21009936A5 /* AddCompanyViewController.m */; };
		7122DBC71926EA21009936A5 /* CompanyTableViewController.m in Sources */ = {isa = PBXBuildFile; fileRef = 7122DBC51926EA21009936A5 /* CompanyTableViewController.m */; };
		713CF2281927234B00C02EB5 /* AMD.png in Resources */ = {isa = PBXBuildFile; fileRef = 713CF21E1927234B00C02EB5 /* AMD.png */; };
		713CF2291927234B00C02EB5 /* Apple.png in Resources */ = {isa = PBXBuildFile; fileRef = 713CF21F1927234B00C02EB5 /* Apple.png */; };
		713CF22B1927234B00C02EB5 /* BofA.png in Resources */ = {isa = PBXBuildFile; fileRef = 713CF2211927234B00C02EB5 /* BofA.png */; };
		713CF22C1927234B00C02EB5 /* ChaseBank.png in Resources */ = {isa = PBXBuildFile; fileRef = 713CF2221927234B00C02EB5 /* ChaseBank.png */; };
		713CF22D1927234B00C02EB5 /* Chevron.png in Resources */ = {isa = PBXBuildFile; fileRef = 713CF2231927234B00C02EB5 /* Chevron.png */; };
		713CF22E1927234B00C02EB5 /* Cisco.png in Resources */ = {isa = PBXBuildFile; fileRef = 713CF2241927234B00C02EB5 /* Cisco.png */; };
		713CF22F1927234B00C02EB5 /* Intel.png in Resources */ = {isa = PBXBuildFile; fileRef = 713CF2251927234B00C02EB5 /* Intel.png */; };
		713CF2301927234B00C02EB5 /* WellsFargo.png in Resources */ = {isa = PBXBuildFile; fileRef = 713CF2261927234B00C02EB5 /* WellsFargo.png */; };
		713CF2311927234B00C02EB5 /* Zynga.png in Resources */ = {isa = PBXBuildFile; fileRef = 713CF2271927234B00C02EB5 /* Zynga.png */; };
		713D87871927D7DB0099D963 /* AdSupport.framework in Frameworks */ = {isa = PBXBuildFile; fileRef = 713D87861927D7DB0099D963 /* AdSupport.framework */; };
		71D688BD192A53B4003155D9 /* DBConstants.m in Sources */ = {isa = PBXBuildFile; fileRef = 71D688BC192A53B4003155D9 /* DBConstants.m */; };
		E5CB2C471EA9B94B4129A94F /* Pods_DBExample.framework in Frameworks */ = {isa = PBXBuildFile; fileRef = CDEE0D0594D7408252D8A46A /* Pods_DBExample.framework */; };
/* End PBXBuildFile section */

/* Begin PBXContainerItemProxy section */
		71225CE61926DAEE00DA1591 /* PBXContainerItemProxy */ = {
			isa = PBXContainerItemProxy;
			containerPortal = 71225CB51926DAEE00DA1591 /* Project object */;
			proxyType = 1;
			remoteGlobalIDString = 71225CBC1926DAEE00DA1591;
			remoteInfo = DBExample;
		};
/* End PBXContainerItemProxy section */

/* Begin PBXFileReference section */
		1A0406201E75D94F00A03526 /* AppAnalytics.h */ = {isa = PBXFileReference; fileEncoding = 4; lastKnownFileType = sourcecode.c.h; name = AppAnalytics.h; path = Analytics/AppAnalytics.h; sourceTree = "<group>"; };
		1A0406211E75D94F00A03526 /* AppAnalytics.m */ = {isa = PBXFileReference; fileEncoding = 4; lastKnownFileType = sourcecode.c.objc; name = AppAnalytics.m; path = Analytics/AppAnalytics.m; sourceTree = "<group>"; };
		1A0406221E75D94F00A03526 /* AppAnalyticsTrackerVCtrl.h */ = {isa = PBXFileReference; fileEncoding = 4; lastKnownFileType = sourcecode.c.h; name = AppAnalyticsTrackerVCtrl.h; path = Analytics/AppAnalyticsTrackerVCtrl.h; sourceTree = "<group>"; };
		1A0406231E75D94F00A03526 /* AppAnalyticsTrackerVCtrl.m */ = {isa = PBXFileReference; fileEncoding = 4; lastKnownFileType = sourcecode.c.objc; name = AppAnalyticsTrackerVCtrl.m; path = Analytics/AppAnalyticsTrackerVCtrl.m; sourceTree = "<group>"; };
		1A0406261E75D9C500A03526 /* NSData+Category.h */ = {isa = PBXFileReference; fileEncoding = 4; lastKnownFileType = sourcecode.c.h; name = "NSData+Category.h"; path = "Categories/NSData+Category.h"; sourceTree = "<group>"; };
		1A0406271E75D9C500A03526 /* NSData+Category.m */ = {isa = PBXFileReference; fileEncoding = 4; lastKnownFileType = sourcecode.c.objc; name = "NSData+Category.m"; path = "Categories/NSData+Category.m"; sourceTree = "<group>"; };
		1A0406281E75D9C500A03526 /* NSString+Category.h */ = {isa = PBXFileReference; fileEncoding = 4; lastKnownFileType = sourcecode.c.h; name = "NSString+Category.h"; path = "Categories/NSString+Category.h"; sourceTree = "<group>"; };
		1A0406291E75D9C500A03526 /* NSString+Category.m */ = {isa = PBXFileReference; fileEncoding = 4; lastKnownFileType = sourcecode.c.objc; name = "NSString+Category.m"; path = "Categories/NSString+Category.m"; sourceTree = "<group>"; };
		1A04062A1E75D9C500A03526 /* SettingsModel+Category.h */ = {isa = PBXFileReference; fileEncoding = 4; lastKnownFileType = sourcecode.c.h; name = "SettingsModel+Category.h"; path = "Categories/SettingsModel+Category.h"; sourceTree = "<group>"; };
		1A04062B1E75D9C500A03526 /* SettingsModel+Category.m */ = {isa = PBXFileReference; fileEncoding = 4; lastKnownFileType = sourcecode.c.objc; name = "SettingsModel+Category.m"; path = "Categories/SettingsModel+Category.m"; sourceTree = "<group>"; };
		1A04062C1E75D9C500A03526 /* UIColor+Category.h */ = {isa = PBXFileReference; fileEncoding = 4; lastKnownFileType = sourcecode.c.h; name = "UIColor+Category.h"; path = "Categories/UIColor+Category.h"; sourceTree = "<group>"; };
		1A04062D1E75D9C500A03526 /* UIColor+Category.m */ = {isa = PBXFileReference; fileEncoding = 4; lastKnownFileType = sourcecode.c.objc; name = "UIColor+Category.m"; path = "Categories/UIColor+Category.m"; sourceTree = "<group>"; };
		1A0406331E75D9E600A03526 /* AppDateFormatter.h */ = {isa = PBXFileReference; fileEncoding = 4; lastKnownFileType = sourcecode.c.h; name = AppDateFormatter.h; path = AppUtils/AppDateFormatter.h; sourceTree = "<group>"; };
		1A0406341E75D9E600A03526 /* AppDateFormatter.m */ = {isa = PBXFileReference; fileEncoding = 4; lastKnownFileType = sourcecode.c.objc; name = AppDateFormatter.m; path = AppUtils/AppDateFormatter.m; sourceTree = "<group>"; };
		4C5DD879EF14B27EEAE44762 /* Pods-DBExample.debug.xcconfig */ = {isa = PBXFileReference; includeInIndex = 1; lastKnownFileType = text.xcconfig; name = "Pods-DBExample.debug.xcconfig"; path = "Pods/Target Support Files/Pods-DBExample/Pods-DBExample.debug.xcconfig"; sourceTree = "<group>"; };
		711BF20219292BA2002D2514 /* libGoogleAnalyticsServices.a */ = {isa = PBXFileReference; lastKnownFileType = archive.ar; name = libGoogleAnalyticsServices.a; path = AppIOS/Analytics/Google/libGoogleAnalyticsServices.a; sourceTree = "<group>"; };
		711BF23519293C50002D2514 /* README.md */ = {isa = PBXFileReference; fileEncoding = 4; lastKnownFileType = text; path = README.md; sourceTree = SOURCE_ROOT; };
		71225CBD1926DAEE00DA1591 /* DBExample.app */ = {isa = PBXFileReference; explicitFileType = wrapper.application; includeInIndex = 0; path = DBExample.app; sourceTree = BUILT_PRODUCTS_DIR; };
		71225CC01926DAEE00DA1591 /* Foundation.framework */ = {isa = PBXFileReference; lastKnownFileType = wrapper.framework; name = Foundation.framework; path = System/Library/Frameworks/Foundation.framework; sourceTree = SDKROOT; };
		71225CC21926DAEE00DA1591 /* CoreGraphics.framework */ = {isa = PBXFileReference; lastKnownFileType = wrapper.framework; name = CoreGraphics.framework; path = System/Library/Frameworks/CoreGraphics.framework; sourceTree = SDKROOT; };
		71225CC41926DAEE00DA1591 /* UIKit.framework */ = {isa = PBXFileReference; lastKnownFileType = wrapper.framework; name = UIKit.framework; path = System/Library/Frameworks/UIKit.framework; sourceTree = SDKROOT; };
		71225CC81926DAEE00DA1591 /* DBExample-Info.plist */ = {isa = PBXFileReference; lastKnownFileType = text.plist.xml; path = "DBExample-Info.plist"; sourceTree = "<group>"; };
		71225CCA1926DAEE00DA1591 /* en */ = {isa = PBXFileReference; lastKnownFileType = text.plist.strings; name = en; path = en.lproj/InfoPlist.strings; sourceTree = "<group>"; };
		71225CCC1926DAEE00DA1591 /* main.m */ = {isa = PBXFileReference; lastKnownFileType = sourcecode.c.objc; path = main.m; sourceTree = "<group>"; };
		71225CCE1926DAEE00DA1591 /* DBExample-Prefix.pch */ = {isa = PBXFileReference; lastKnownFileType = sourcecode.c.h; path = "DBExample-Prefix.pch"; sourceTree = "<group>"; };
		71225CCF1926DAEE00DA1591 /* AppDelegate.h */ = {isa = PBXFileReference; lastKnownFileType = sourcecode.c.h; path = AppDelegate.h; sourceTree = "<group>"; };
		71225CD01926DAEE00DA1591 /* AppDelegate.m */ = {isa = PBXFileReference; lastKnownFileType = sourcecode.c.objc; path = AppDelegate.m; sourceTree = "<group>"; };
		71225CD31926DAEE00DA1591 /* Base */ = {isa = PBXFileReference; lastKnownFileType = file.storyboard; name = Base; path = Base.lproj/Main_iPhone.storyboard; sourceTree = "<group>"; };
		71225CD61926DAEE00DA1591 /* Base */ = {isa = PBXFileReference; lastKnownFileType = file.storyboard; name = Base; path = Base.lproj/Main_iPad.storyboard; sourceTree = "<group>"; };
		71225CDB1926DAEE00DA1591 /* Images.xcassets */ = {isa = PBXFileReference; lastKnownFileType = folder.assetcatalog; path = Images.xcassets; sourceTree = "<group>"; };
		71225CE11926DAEE00DA1591 /* DBExampleTests.xctest */ = {isa = PBXFileReference; explicitFileType = wrapper.cfbundle; includeInIndex = 0; path = DBExampleTests.xctest; sourceTree = BUILT_PRODUCTS_DIR; };
		71225CE21926DAEE00DA1591 /* XCTest.framework */ = {isa = PBXFileReference; lastKnownFileType = wrapper.framework; name = XCTest.framework; path = Library/Frameworks/XCTest.framework; sourceTree = DEVELOPER_DIR; };
		71225CEA1926DAEE00DA1591 /* DBExampleTests-Info.plist */ = {isa = PBXFileReference; lastKnownFileType = text.plist.xml; path = "DBExampleTests-Info.plist"; sourceTree = "<group>"; };
		71225CEC1926DAEE00DA1591 /* en */ = {isa = PBXFileReference; lastKnownFileType = text.plist.strings; name = en; path = en.lproj/InfoPlist.strings; sourceTree = "<group>"; };
		71225CEE1926DAEE00DA1591 /* DBExampleTests.m */ = {isa = PBXFileReference; lastKnownFileType = sourcecode.c.objc; path = DBExampleTests.m; sourceTree = "<group>"; };
		7122DB831926E8B0009936A5 /* CFNetwork.framework */ = {isa = PBXFileReference; lastKnownFileType = wrapper.framework; name = CFNetwork.framework; path = System/Library/Frameworks/CFNetwork.framework; sourceTree = SDKROOT; };
		7122DB841926E8B0009936A5 /* CoreData.framework */ = {isa = PBXFileReference; lastKnownFileType = wrapper.framework; name = CoreData.framework; path = System/Library/Frameworks/CoreData.framework; sourceTree = SDKROOT; };
		7122DB851926E8B0009936A5 /* libsqlite3.0.dylib */ = {isa = PBXFileReference; lastKnownFileType = "compiled.mach-o.dylib"; name = libsqlite3.0.dylib; path = usr/lib/libsqlite3.0.dylib; sourceTree = SDKROOT; };
		7122DB861926E8B0009936A5 /* libz.dylib */ = {isa = PBXFileReference; lastKnownFileType = "compiled.mach-o.dylib"; name = libz.dylib; path = usr/lib/libz.dylib; sourceTree = SDKROOT; };
		7122DB871926E8B0009936A5 /* Security.framework */ = {isa = PBXFileReference; lastKnownFileType = wrapper.framework; name = Security.framework; path = System/Library/Frameworks/Security.framework; sourceTree = SDKROOT; };
		7122DB881926E8B1009936A5 /* SystemConfiguration.framework */ = {isa = PBXFileReference; lastKnownFileType = wrapper.framework; name = SystemConfiguration.framework; path = System/Library/Frameworks/SystemConfiguration.framework; sourceTree = SDKROOT; };
		7122DBB61926E996009936A5 /* CompanyConvertor.h */ = {isa = PBXFileReference; fileEncoding = 4; lastKnownFileType = sourcecode.c.h; name = CompanyConvertor.h; path = ViewControllers/CompanyConvertor.h; sourceTree = "<group>"; };
		7122DBB71926E996009936A5 /* CompanyConvertor.m */ = {isa = PBXFileReference; fileEncoding = 4; lastKnownFileType = sourcecode.c.objc; name = CompanyConvertor.m; path = ViewControllers/CompanyConvertor.m; sourceTree = "<group>"; };
		7122DBB81926E996009936A5 /* CompanyModel.h */ = {isa = PBXFileReference; fileEncoding = 4; lastKnownFileType = sourcecode.c.h; name = CompanyModel.h; path = ViewControllers/CompanyModel.h; sourceTree = "<group>"; };
		7122DBB91926E996009936A5 /* CompanyModel.m */ = {isa = PBXFileReference; fileEncoding = 4; lastKnownFileType = sourcecode.c.objc; name = CompanyModel.m; path = ViewControllers/CompanyModel.m; sourceTree = "<group>"; };
		7122DBBA1926E996009936A5 /* CompanyObject.h */ = {isa = PBXFileReference; fileEncoding = 4; lastKnownFileType = sourcecode.c.h; name = CompanyObject.h; path = ViewControllers/CompanyObject.h; sourceTree = "<group>"; };
		7122DBBB1926E996009936A5 /* CompanyObject.m */ = {isa = PBXFileReference; fileEncoding = 4; lastKnownFileType = sourcecode.c.objc; name = CompanyObject.m; path = ViewControllers/CompanyObject.m; sourceTree = "<group>"; };
		7122DBC01926E9F8009936A5 /* Companies.db */ = {isa = PBXFileReference; lastKnownFileType = file; name = Companies.db; path = Resources/Companies.db; sourceTree = "<group>"; };
		7122DBC21926EA21009936A5 /* AddCompanyViewController.h */ = {isa = PBXFileReference; fileEncoding = 4; lastKnownFileType = sourcecode.c.h; name = AddCompanyViewController.h; path = ViewControllers/AddCompanyViewController.h; sourceTree = "<group>"; };
		7122DBC31926EA21009936A5 /* AddCompanyViewController.m */ = {isa = PBXFileReference; fileEncoding = 4; lastKnownFileType = sourcecode.c.objc; name = AddCompanyViewController.m; path = ViewControllers/AddCompanyViewController.m; sourceTree = "<group>"; };
		7122DBC41926EA21009936A5 /* CompanyTableViewController.h */ = {isa = PBXFileReference; fileEncoding = 4; lastKnownFileType = sourcecode.c.h; name = CompanyTableViewController.h; path = ViewControllers/CompanyTableViewController.h; sourceTree = "<group>"; };
		7122DBC51926EA21009936A5 /* CompanyTableViewController.m */ = {isa = PBXFileReference; fileEncoding = 4; lastKnownFileType = sourcecode.c.objc; name = CompanyTableViewController.m; path = ViewControllers/CompanyTableViewController.m; sourceTree = "<group>"; };
		713CF21E1927234B00C02EB5 /* AMD.png */ = {isa = PBXFileReference; lastKnownFileType = image.png; name = AMD.png; path = Companies/AMD.png; sourceTree = "<group>"; };
		713CF21F1927234B00C02EB5 /* Apple.png */ = {isa = PBXFileReference; lastKnownFileType = image.png; name = Apple.png; path = Companies/Apple.png; sourceTree = "<group>"; };
		713CF2211927234B00C02EB5 /* BofA.png */ = {isa = PBXFileReference; lastKnownFileType = image.png; name = BofA.png; path = Companies/BofA.png; sourceTree = "<group>"; };
		713CF2221927234B00C02EB5 /* ChaseBank.png */ = {isa = PBXFileReference; lastKnownFileType = image.png; name = ChaseBank.png; path = Companies/ChaseBank.png; sourceTree = "<group>"; };
		713CF2231927234B00C02EB5 /* Chevron.png */ = {isa = PBXFileReference; lastKnownFileType = image.png; name = Chevron.png; path = Companies/Chevron.png; sourceTree = "<group>"; };
		713CF2241927234B00C02EB5 /* Cisco.png */ = {isa = PBXFileReference; lastKnownFileType = image.png; name = Cisco.png; path = Companies/Cisco.png; sourceTree = "<group>"; };
		713CF2251927234B00C02EB5 /* Intel.png */ = {isa = PBXFileReference; lastKnownFileType = image.png; name = Intel.png; path = Companies/Intel.png; sourceTree = "<group>"; };
		713CF2261927234B00C02EB5 /* WellsFargo.png */ = {isa = PBXFileReference; lastKnownFileType = image.png; name = WellsFargo.png; path = Companies/WellsFargo.png; sourceTree = "<group>"; };
		713CF2271927234B00C02EB5 /* Zynga.png */ = {isa = PBXFileReference; lastKnownFileType = image.png; name = Zynga.png; path = Companies/Zynga.png; sourceTree = "<group>"; };
		713D87861927D7DB0099D963 /* AdSupport.framework */ = {isa = PBXFileReference; lastKnownFileType = wrapper.framework; name = AdSupport.framework; path = System/Library/Frameworks/AdSupport.framework; sourceTree = SDKROOT; };
		71D688BB192A53B4003155D9 /* DBConstants.h */ = {isa = PBXFileReference; fileEncoding = 4; lastKnownFileType = sourcecode.c.h; name = DBConstants.h; path = ViewControllers/DBConstants.h; sourceTree = "<group>"; };
		71D688BC192A53B4003155D9 /* DBConstants.m */ = {isa = PBXFileReference; fileEncoding = 4; lastKnownFileType = sourcecode.c.objc; name = DBConstants.m; path = ViewControllers/DBConstants.m; sourceTree = "<group>"; };
		91BA071A6A61426DF127E297 /* Pods-DBExample.release.xcconfig */ = {isa = PBXFileReference; includeInIndex = 1; lastKnownFileType = text.xcconfig; name = "Pods-DBExample.release.xcconfig"; path = "Pods/Target Support Files/Pods-DBExample/Pods-DBExample.release.xcconfig"; sourceTree = "<group>"; };
		CDEE0D0594D7408252D8A46A /* Pods_DBExample.framework */ = {isa = PBXFileReference; explicitFileType = wrapper.framework; includeInIndex = 0; path = Pods_DBExample.framework; sourceTree = BUILT_PRODUCTS_DIR; };
/* End PBXFileReference section */

/* Begin PBXFrameworksBuildPhase section */
		71225CBA1926DAEE00DA1591 /* Frameworks */ = {
			isa = PBXFrameworksBuildPhase;
			buildActionMask = 2147483647;
			files = (
				713D87871927D7DB0099D963 /* AdSupport.framework in Frameworks */,
				7122DB891926E8B1009936A5 /* CFNetwork.framework in Frameworks */,
				7122DB8A1926E8B1009936A5 /* CoreData.framework in Frameworks */,
				7122DB8B1926E8B1009936A5 /* libsqlite3.0.dylib in Frameworks */,
				7122DB8C1926E8B1009936A5 /* libz.dylib in Frameworks */,
				7122DB8D1926E8B1009936A5 /* Security.framework in Frameworks */,
				7122DB8E1926E8B1009936A5 /* SystemConfiguration.framework in Frameworks */,
				71225CC31926DAEE00DA1591 /* CoreGraphics.framework in Frameworks */,
				71225CC51926DAEE00DA1591 /* UIKit.framework in Frameworks */,
				71225CC11926DAEE00DA1591 /* Foundation.framework in Frameworks */,
				E5CB2C471EA9B94B4129A94F /* Pods_DBExample.framework in Frameworks */,
			);
			runOnlyForDeploymentPostprocessing = 0;
		};
		71225CDE1926DAEE00DA1591 /* Frameworks */ = {
			isa = PBXFrameworksBuildPhase;
			buildActionMask = 2147483647;
			files = (
				71225CE31926DAEE00DA1591 /* XCTest.framework in Frameworks */,
				71225CE51926DAEE00DA1591 /* UIKit.framework in Frameworks */,
				71225CE41926DAEE00DA1591 /* Foundation.framework in Frameworks */,
			);
			runOnlyForDeploymentPostprocessing = 0;
		};
/* End PBXFrameworksBuildPhase section */

/* Begin PBXGroup section */
		102F9A57722F515AC801811B /* Pods */ = {
			isa = PBXGroup;
			children = (
				4C5DD879EF14B27EEAE44762 /* Pods-DBExample.debug.xcconfig */,
				91BA071A6A61426DF127E297 /* Pods-DBExample.release.xcconfig */,
			);
			name = Pods;
			sourceTree = "<group>";
		};
		1A0406321E75D9D000A03526 /* AppUtilities */ = {
			isa = PBXGroup;
			children = (
				1A0406331E75D9E600A03526 /* AppDateFormatter.h */,
				1A0406341E75D9E600A03526 /* AppDateFormatter.m */,
			);
			name = AppUtilities;
			sourceTree = "<group>";
		};
		711BF23419293C32002D2514 /* ReadMe */ = {
			isa = PBXGroup;
			children = (
				711BF23519293C50002D2514 /* README.md */,
			);
			name = ReadMe;
			sourceTree = "<group>";
		};
		71225CB41926DAEE00DA1591 = {
			isa = PBXGroup;
			children = (
				71225CC61926DAEE00DA1591 /* DBExample */,
				71225CE81926DAEE00DA1591 /* DBExampleTests */,
				71225CBF1926DAEE00DA1591 /* Frameworks */,
				71225CBE1926DAEE00DA1591 /* Products */,
				102F9A57722F515AC801811B /* Pods */,
			);
			sourceTree = "<group>";
		};
		71225CBE1926DAEE00DA1591 /* Products */ = {
			isa = PBXGroup;
			children = (
				71225CBD1926DAEE00DA1591 /* DBExample.app */,
				71225CE11926DAEE00DA1591 /* DBExampleTests.xctest */,
			);
			name = Products;
			sourceTree = "<group>";
		};
		71225CBF1926DAEE00DA1591 /* Frameworks */ = {
			isa = PBXGroup;
			children = (
				713D87861927D7DB0099D963 /* AdSupport.framework */,
				7122DB851926E8B0009936A5 /* libsqlite3.0.dylib */,
				711BF20219292BA2002D2514 /* libGoogleAnalyticsServices.a */,
				7122DB861926E8B0009936A5 /* libz.dylib */,
				7122DB831926E8B0009936A5 /* CFNetwork.framework */,
				7122DB841926E8B0009936A5 /* CoreData.framework */,
				7122DB871926E8B0009936A5 /* Security.framework */,
				7122DB881926E8B1009936A5 /* SystemConfiguration.framework */,
				71225CC01926DAEE00DA1591 /* Foundation.framework */,
				71225CC21926DAEE00DA1591 /* CoreGraphics.framework */,
				71225CC41926DAEE00DA1591 /* UIKit.framework */,
				71225CE21926DAEE00DA1591 /* XCTest.framework */,
				CDEE0D0594D7408252D8A46A /* Pods_DBExample.framework */,
			);
			name = Frameworks;
			sourceTree = "<group>";
		};
		71225CC61926DAEE00DA1591 /* DBExample */ = {
			isa = PBXGroup;
			children = (
				711BF23419293C32002D2514 /* ReadMe */,
				1A0406321E75D9D000A03526 /* AppUtilities */,
				7122DB6E1926E791009936A5 /* Analytics */,
				7122DB6F1926E7A7009936A5 /* Categories */,
				7122DB701926E7B1009936A5 /* AppModels */,
				7122DB721926E7D5009936A5 /* DataBase Models */,
				7122DB741926E7F2009936A5 /* ViewControllers */,
				71225CCF1926DAEE00DA1591 /* AppDelegate.h */,
				71225CD01926DAEE00DA1591 /* AppDelegate.m */,
				71225CD21926DAEE00DA1591 /* Main_iPhone.storyboard */,
				71225CD51926DAEE00DA1591 /* Main_iPad.storyboard */,
				71225CDB1926DAEE00DA1591 /* Images.xcassets */,
				7122DBBF1926E9D6009936A5 /* Resources */,
				71225CC71926DAEE00DA1591 /* Supporting Files */,
				713CF21D1927233100C02EB5 /* Images */,
			);
			path = DBExample;
			sourceTree = "<group>";
		};
		71225CC71926DAEE00DA1591 /* Supporting Files */ = {
			isa = PBXGroup;
			children = (
				71225CC81926DAEE00DA1591 /* DBExample-Info.plist */,
				71225CC91926DAEE00DA1591 /* InfoPlist.strings */,
				71225CCC1926DAEE00DA1591 /* main.m */,
				71225CCE1926DAEE00DA1591 /* DBExample-Prefix.pch */,
			);
			name = "Supporting Files";
			sourceTree = "<group>";
		};
		71225CE81926DAEE00DA1591 /* DBExampleTests */ = {
			isa = PBXGroup;
			children = (
				71225CEE1926DAEE00DA1591 /* DBExampleTests.m */,
				71225CE91926DAEE00DA1591 /* Supporting Files */,
			);
			path = DBExampleTests;
			sourceTree = "<group>";
		};
		71225CE91926DAEE00DA1591 /* Supporting Files */ = {
			isa = PBXGroup;
			children = (
				71225CEA1926DAEE00DA1591 /* DBExampleTests-Info.plist */,
				71225CEB1926DAEE00DA1591 /* InfoPlist.strings */,
			);
			name = "Supporting Files";
			sourceTree = "<group>";
		};
		7122DB6E1926E791009936A5 /* Analytics */ = {
			isa = PBXGroup;
			children = (
				1A0406201E75D94F00A03526 /* AppAnalytics.h */,
				1A0406211E75D94F00A03526 /* AppAnalytics.m */,
				1A0406221E75D94F00A03526 /* AppAnalyticsTrackerVCtrl.h */,
				1A0406231E75D94F00A03526 /* AppAnalyticsTrackerVCtrl.m */,
			);
			name = Analytics;
			sourceTree = "<group>";
		};
		7122DB6F1926E7A7009936A5 /* Categories */ = {
			isa = PBXGroup;
			children = (
				1A0406261E75D9C500A03526 /* NSData+Category.h */,
				1A0406271E75D9C500A03526 /* NSData+Category.m */,
				1A0406281E75D9C500A03526 /* NSString+Category.h */,
				1A0406291E75D9C500A03526 /* NSString+Category.m */,
				1A04062A1E75D9C500A03526 /* SettingsModel+Category.h */,
				1A04062B1E75D9C500A03526 /* SettingsModel+Category.m */,
				1A04062C1E75D9C500A03526 /* UIColor+Category.h */,
				1A04062D1E75D9C500A03526 /* UIColor+Category.m */,
			);
			name = Categories;
			sourceTree = "<group>";
		};
		7122DB701926E7B1009936A5 /* AppModels */ = {
			isa = PBXGroup;
			children = (
				71D688BB192A53B4003155D9 /* DBConstants.h */,
				71D688BC192A53B4003155D9 /* DBConstants.m */,
			);
			name = AppModels;
			sourceTree = "<group>";
		};
		7122DB721926E7D5009936A5 /* DataBase Models */ = {
			isa = PBXGroup;
			children = (
				7122DBB61926E996009936A5 /* CompanyConvertor.h */,
				7122DBB71926E996009936A5 /* CompanyConvertor.m */,
				7122DBB81926E996009936A5 /* CompanyModel.h */,
				7122DBB91926E996009936A5 /* CompanyModel.m */,
				7122DB731926E7E2009936A5 /* Objects */,
			);
			name = "DataBase Models";
			sourceTree = "<group>";
		};
		7122DB731926E7E2009936A5 /* Objects */ = {
			isa = PBXGroup;
			children = (
				7122DBBA1926E996009936A5 /* CompanyObject.h */,
				7122DBBB1926E996009936A5 /* CompanyObject.m */,
			);
			name = Objects;
			sourceTree = "<group>";
		};
		7122DB741926E7F2009936A5 /* ViewControllers */ = {
			isa = PBXGroup;
			children = (
				7122DBC21926EA21009936A5 /* AddCompanyViewController.h */,
				7122DBC31926EA21009936A5 /* AddCompanyViewController.m */,
				7122DBC41926EA21009936A5 /* CompanyTableViewController.h */,
				7122DBC51926EA21009936A5 /* CompanyTableViewController.m */,
			);
			name = ViewControllers;
			sourceTree = "<group>";
		};
		7122DBBF1926E9D6009936A5 /* Resources */ = {
			isa = PBXGroup;
			children = (
				7122DBC01926E9F8009936A5 /* Companies.db */,
			);
			name = Resources;
			sourceTree = "<group>";
		};
		713CF21D1927233100C02EB5 /* Images */ = {
			isa = PBXGroup;
			children = (
				713CF21E1927234B00C02EB5 /* AMD.png */,
				713CF21F1927234B00C02EB5 /* Apple.png */,
				713CF2211927234B00C02EB5 /* BofA.png */,
				713CF2221927234B00C02EB5 /* ChaseBank.png */,
				713CF2231927234B00C02EB5 /* Chevron.png */,
				713CF2241927234B00C02EB5 /* Cisco.png */,
				713CF2251927234B00C02EB5 /* Intel.png */,
				713CF2261927234B00C02EB5 /* WellsFargo.png */,
				713CF2271927234B00C02EB5 /* Zynga.png */,
			);
			name = Images;
			sourceTree = "<group>";
		};
/* End PBXGroup section */

/* Begin PBXNativeTarget section */
		71225CBC1926DAEE00DA1591 /* DBExample */ = {
			isa = PBXNativeTarget;
			buildConfigurationList = 71225CF21926DAEE00DA1591 /* Build configuration list for PBXNativeTarget "DBExample" */;
			buildPhases = (
				460D53E3F6097B09E351B2BF /* [CP] Check Pods Manifest.lock */,
				71225CB91926DAEE00DA1591 /* Sources */,
				71225CBA1926DAEE00DA1591 /* Frameworks */,
				71225CBB1926DAEE00DA1591 /* Resources */,
				7122DB6C1926E380009936A5 /* ShellScript */,
				25D4B26B1433304A1B09CFB9 /* [CP] Embed Pods Frameworks */,
				045854C2F196CD61FD20FFC3 /* [CP] Copy Pods Resources */,
			);
			buildRules = (
			);
			dependencies = (
			);
			name = DBExample;
			productName = DBExample;
			productReference = 71225CBD1926DAEE00DA1591 /* DBExample.app */;
			productType = "com.apple.product-type.application";
		};
		71225CE01926DAEE00DA1591 /* DBExampleTests */ = {
			isa = PBXNativeTarget;
			buildConfigurationList = 71225CF51926DAEE00DA1591 /* Build configuration list for PBXNativeTarget "DBExampleTests" */;
			buildPhases = (
				71225CDD1926DAEE00DA1591 /* Sources */,
				71225CDE1926DAEE00DA1591 /* Frameworks */,
				71225CDF1926DAEE00DA1591 /* Resources */,
			);
			buildRules = (
			);
			dependencies = (
				71225CE71926DAEE00DA1591 /* PBXTargetDependency */,
			);
			name = DBExampleTests;
			productName = DBExampleTests;
			productReference = 71225CE11926DAEE00DA1591 /* DBExampleTests.xctest */;
			productType = "com.apple.product-type.bundle.unit-test";
		};
/* End PBXNativeTarget section */

/* Begin PBXProject section */
		71225CB51926DAEE00DA1591 /* Project object */ = {
			isa = PBXProject;
			attributes = {
				LastUpgradeCheck = 0510;
				ORGANIZATIONNAME = "Pat Murphy";
				TargetAttributes = {
					71225CBC1926DAEE00DA1591 = {
						DevelopmentTeam = QJ7DWU7T8P;
					};
					71225CE01926DAEE00DA1591 = {
						TestTargetID = 71225CBC1926DAEE00DA1591;
					};
				};
			};
			buildConfigurationList = 71225CB81926DAEE00DA1591 /* Build configuration list for PBXProject "DBExample" */;
			compatibilityVersion = "Xcode 3.2";
			developmentRegion = English;
			hasScannedForEncodings = 0;
			knownRegions = (
				en,
				Base,
			);
			mainGroup = 71225CB41926DAEE00DA1591;
			productRefGroup = 71225CBE1926DAEE00DA1591 /* Products */;
			projectDirPath = "";
			projectRoot = "";
			targets = (
				71225CBC1926DAEE00DA1591 /* DBExample */,
				71225CE01926DAEE00DA1591 /* DBExampleTests */,
			);
		};
/* End PBXProject section */

/* Begin PBXResourcesBuildPhase section */
		71225CBB1926DAEE00DA1591 /* Resources */ = {
			isa = PBXResourcesBuildPhase;
			buildActionMask = 2147483647;
			files = (
				7122DB6D1926E6AD009936A5 /* DBExample-Info.plist in Resources */,
				7122DBC11926E9F8009936A5 /* Companies.db in Resources */,
				713CF2281927234B00C02EB5 /* AMD.png in Resources */,
				713CF22D1927234B00C02EB5 /* Chevron.png in Resources */,
				713CF22C1927234B00C02EB5 /* ChaseBank.png in Resources */,
				713CF2311927234B00C02EB5 /* Zynga.png in Resources */,
				711BF23619293C50002D2514 /* README.md in Resources */,
				713CF2301927234B00C02EB5 /* WellsFargo.png in Resources */,
				71225CD71926DAEE00DA1591 /* Main_iPad.storyboard in Resources */,
				713CF22F1927234B00C02EB5 /* Intel.png in Resources */,
				71225CDC1926DAEE00DA1591 /* Images.xcassets in Resources */,
				71225CD41926DAEE00DA1591 /* Main_iPhone.storyboard in Resources */,
				713CF22B1927234B00C02EB5 /* BofA.png in Resources */,
				713CF22E1927234B00C02EB5 /* Cisco.png in Resources */,
				713CF2291927234B00C02EB5 /* Apple.png in Resources */,
				71225CCB1926DAEE00DA1591 /* InfoPlist.strings in Resources */,
			);
			runOnlyForDeploymentPostprocessing = 0;
		};
		71225CDF1926DAEE00DA1591 /* Resources */ = {
			isa = PBXResourcesBuildPhase;
			buildActionMask = 2147483647;
			files = (
				71225CED1926DAEE00DA1591 /* InfoPlist.strings in Resources */,
			);
			runOnlyForDeploymentPostprocessing = 0;
		};
/* End PBXResourcesBuildPhase section */

/* Begin PBXShellScriptBuildPhase section */
		045854C2F196CD61FD20FFC3 /* [CP] Copy Pods Resources */ = {
			isa = PBXShellScriptBuildPhase;
			buildActionMask = 2147483647;
			files = (
			);
			inputPaths = (
			);
			name = "[CP] Copy Pods Resources";
			outputPaths = (
			);
			runOnlyForDeploymentPostprocessing = 0;
			shellPath = /bin/sh;
			shellScript = "\"${SRCROOT}/Pods/Target Support Files/Pods-DBExample/Pods-DBExample-resources.sh\"\n";
			showEnvVarsInLog = 0;
		};
		25D4B26B1433304A1B09CFB9 /* [CP] Embed Pods Frameworks */ = {
			isa = PBXShellScriptBuildPhase;
			buildActionMask = 2147483647;
			files = (
			);
			inputPaths = (
			);
			name = "[CP] Embed Pods Frameworks";
			outputPaths = (
			);
			runOnlyForDeploymentPostprocessing = 0;
			shellPath = /bin/sh;
			shellScript = "\"${SRCROOT}/Pods/Target Support Files/Pods-DBExample/Pods-DBExample-frameworks.sh\"\n";
			showEnvVarsInLog = 0;
		};
		460D53E3F6097B09E351B2BF /* [CP] Check Pods Manifest.lock */ = {
			isa = PBXShellScriptBuildPhase;
			buildActionMask = 2147483647;
			files = (
			);
			inputPaths = (
			);
			name = "[CP] Check Pods Manifest.lock";
			outputPaths = (
			);
			runOnlyForDeploymentPostprocessing = 0;
			shellPath = /bin/sh;
			shellScript = "diff \"${PODS_ROOT}/../Podfile.lock\" \"${PODS_ROOT}/Manifest.lock\" > /dev/null\nif [ $? != 0 ] ; then\n    # print error to STDERR\n    echo \"error: The sandbox is not in sync with the Podfile.lock. Run 'pod install' or update your CocoaPods installation.\" >&2\n    exit 1\nfi\n";
			showEnvVarsInLog = 0;
		};
		7122DB6C1926E380009936A5 /* ShellScript */ = {
			isa = PBXShellScriptBuildPhase;
			buildActionMask = 2147483647;
			files = (
			);
			inputPaths = (
			);
			outputPaths = (
			);
			runOnlyForDeploymentPostprocessing = 0;
			shellPath = /bin/sh;
			shellScript = "git_version=$(git log -1 --format=\"%h\")\ngit_branch=$(git symbolic-ref --short -q HEAD)\ngit_tag=$(git describe --tags --exact-match 2>/dev/null)\n\nbuild_time=$(date \"+%m-%d-%Y %r\")\ngit_branch_or_tag=\"${git_branch:-${git_tag}}\"\n\ninfo_plist=\"${BUILT_PRODUCTS_DIR}/${EXECUTABLE_FOLDER_PATH}/Info.plist\"\n#/usr/libexec/PlistBuddy -c \"Set :GitCommit '${git_branch_or_tag}-${git_version}'\" \"${info_plist}\"\n#/usr/libexec/PlistBuddy -c \"Set :BuildDate '${build_time}'\" \"${info_plist}\"\n\n";
		};
/* End PBXShellScriptBuildPhase section */

/* Begin PBXSourcesBuildPhase section */
		71225CB91926DAEE00DA1591 /* Sources */ = {
			isa = PBXSourcesBuildPhase;
			buildActionMask = 2147483647;
			files = (
				7122DBBC1926E996009936A5 /* CompanyConvertor.m in Sources */,
				7122DBBD1926E996009936A5 /* CompanyModel.m in Sources */,
				1A04062F1E75D9C500A03526 /* NSString+Category.m in Sources */,
				7122DBBE1926E996009936A5 /* CompanyObject.m in Sources */,
				1A0406251E75D94F00A03526 /* AppAnalyticsTrackerVCtrl.m in Sources */,
				1A04062E1E75D9C500A03526 /* NSData+Category.m in Sources */,
				7122DBC61926EA21009936A5 /* AddCompanyViewController.m in Sources */,
				1A0406301E75D9C500A03526 /* SettingsModel+Category.m in Sources */,
				71225CD11926DAEE00DA1591 /* AppDelegate.m in Sources */,
				1A0406241E75D94F00A03526 /* AppAnalytics.m in Sources */,
				1A0406311E75D9C500A03526 /* UIColor+Category.m in Sources */,
				1A0406351E75D9E600A03526 /* AppDateFormatter.m in Sources */,
				7122DBC71926EA21009936A5 /* CompanyTableViewController.m in Sources */,
				71225CCD1926DAEE00DA1591 /* main.m in Sources */,
				71D688BD192A53B4003155D9 /* DBConstants.m in Sources */,
			);
			runOnlyForDeploymentPostprocessing = 0;
		};
		71225CDD1926DAEE00DA1591 /* Sources */ = {
			isa = PBXSourcesBuildPhase;
			buildActionMask = 2147483647;
			files = (
				71225CEF1926DAEE00DA1591 /* DBExampleTests.m in Sources */,
			);
			runOnlyForDeploymentPostprocessing = 0;
		};
/* End PBXSourcesBuildPhase section */

/* Begin PBXTargetDependency section */
		71225CE71926DAEE00DA1591 /* PBXTargetDependency */ = {
			isa = PBXTargetDependency;
			target = 71225CBC1926DAEE00DA1591 /* DBExample */;
			targetProxy = 71225CE61926DAEE00DA1591 /* PBXContainerItemProxy */;
		};
/* End PBXTargetDependency section */

/* Begin PBXVariantGroup section */
		71225CC91926DAEE00DA1591 /* InfoPlist.strings */ = {
			isa = PBXVariantGroup;
			children = (
				71225CCA1926DAEE00DA1591 /* en */,
			);
			name = InfoPlist.strings;
			sourceTree = "<group>";
		};
		71225CD21926DAEE00DA1591 /* Main_iPhone.storyboard */ = {
			isa = PBXVariantGroup;
			children = (
				71225CD31926DAEE00DA1591 /* Base */,
			);
			name = Main_iPhone.storyboard;
			sourceTree = "<group>";
		};
		71225CD51926DAEE00DA1591 /* Main_iPad.storyboard */ = {
			isa = PBXVariantGroup;
			children = (
				71225CD61926DAEE00DA1591 /* Base */,
			);
			name = Main_iPad.storyboard;
			sourceTree = "<group>";
		};
		71225CEB1926DAEE00DA1591 /* InfoPlist.strings */ = {
			isa = PBXVariantGroup;
			children = (
				71225CEC1926DAEE00DA1591 /* en */,
			);
			name = InfoPlist.strings;
			sourceTree = "<group>";
		};
/* End PBXVariantGroup section */

/* Begin XCBuildConfiguration section */
		71225CF01926DAEE00DA1591 /* Debug */ = {
			isa = XCBuildConfiguration;
			buildSettings = {
				ALWAYS_SEARCH_USER_PATHS = NO;
				CLANG_CXX_LANGUAGE_STANDARD = "gnu++0x";
				CLANG_CXX_LIBRARY = "libc++";
				CLANG_ENABLE_MODULES = YES;
				CLANG_ENABLE_OBJC_ARC = YES;
				CLANG_WARN_BOOL_CONVERSION = YES;
				CLANG_WARN_CONSTANT_CONVERSION = YES;
				CLANG_WARN_DIRECT_OBJC_ISA_USAGE = YES_ERROR;
				CLANG_WARN_EMPTY_BODY = YES;
				CLANG_WARN_ENUM_CONVERSION = YES;
				CLANG_WARN_INT_CONVERSION = YES;
				CLANG_WARN_OBJC_ROOT_CLASS = YES_ERROR;
				CLANG_WARN__DUPLICATE_METHOD_MATCH = YES;
				"CODE_SIGN_IDENTITY[sdk=iphoneos*]" = "iPhone Developer";
				COPY_PHASE_STRIP = NO;
				GCC_C_LANGUAGE_STANDARD = gnu99;
				GCC_DYNAMIC_NO_PIC = NO;
				GCC_OPTIMIZATION_LEVEL = 0;
				GCC_PREPROCESSOR_DEFINITIONS = (
					"DEBUG=1",
					"$(inherited)",
				);
				GCC_SYMBOLS_PRIVATE_EXTERN = NO;
				GCC_WARN_64_TO_32_BIT_CONVERSION = YES;
				GCC_WARN_ABOUT_RETURN_TYPE = YES_ERROR;
				GCC_WARN_UNDECLARED_SELECTOR = YES;
				GCC_WARN_UNINITIALIZED_AUTOS = YES_AGGRESSIVE;
				GCC_WARN_UNUSED_FUNCTION = YES;
				GCC_WARN_UNUSED_VARIABLE = YES;
				IPHONEOS_DEPLOYMENT_TARGET = 10.0;
				ONLY_ACTIVE_ARCH = YES;
				SDKROOT = iphoneos;
				TARGETED_DEVICE_FAMILY = "1,2";
			};
			name = Debug;
		};
		71225CF11926DAEE00DA1591 /* Release */ = {
			isa = XCBuildConfiguration;
			buildSettings = {
				ALWAYS_SEARCH_USER_PATHS = NO;
				CLANG_CXX_LANGUAGE_STANDARD = "gnu++0x";
				CLANG_CXX_LIBRARY = "libc++";
				CLANG_ENABLE_MODULES = YES;
				CLANG_ENABLE_OBJC_ARC = YES;
				CLANG_WARN_BOOL_CONVERSION = YES;
				CLANG_WARN_CONSTANT_CONVERSION = YES;
				CLANG_WARN_DIRECT_OBJC_ISA_USAGE = YES_ERROR;
				CLANG_WARN_EMPTY_BODY = YES;
				CLANG_WARN_ENUM_CONVERSION = YES;
				CLANG_WARN_INT_CONVERSION = YES;
				CLANG_WARN_OBJC_ROOT_CLASS = YES_ERROR;
				CLANG_WARN__DUPLICATE_METHOD_MATCH = YES;
				"CODE_SIGN_IDENTITY[sdk=iphoneos*]" = "iPhone Developer";
				COPY_PHASE_STRIP = YES;
				ENABLE_NS_ASSERTIONS = NO;
				GCC_C_LANGUAGE_STANDARD = gnu99;
				GCC_WARN_64_TO_32_BIT_CONVERSION = YES;
				GCC_WARN_ABOUT_RETURN_TYPE = YES_ERROR;
				GCC_WARN_UNDECLARED_SELECTOR = YES;
				GCC_WARN_UNINITIALIZED_AUTOS = YES_AGGRESSIVE;
				GCC_WARN_UNUSED_FUNCTION = YES;
				GCC_WARN_UNUSED_VARIABLE = YES;
				IPHONEOS_DEPLOYMENT_TARGET = 10.0;
				SDKROOT = iphoneos;
				TARGETED_DEVICE_FAMILY = "1,2";
				VALIDATE_PRODUCT = YES;
			};
			name = Release;
		};
		71225CF31926DAEE00DA1591 /* Debug */ = {
			isa = XCBuildConfiguration;
			baseConfigurationReference = 4C5DD879EF14B27EEAE44762 /* Pods-DBExample.debug.xcconfig */;
			buildSettings = {
				ASSETCATALOG_COMPILER_APPICON_NAME = AppIcon;
				ASSETCATALOG_COMPILER_LAUNCHIMAGE_NAME = LaunchImage;
				CLANG_WARN_BOOL_CONVERSION = NO;
				DEVELOPMENT_TEAM = QJ7DWU7T8P;
				GCC_PRECOMPILE_PREFIX_HEADER = YES;
				GCC_PREFIX_HEADER = "DBExample/DBExample-Prefix.pch";
				GCC_PREPROCESSOR_DEFINITIONS = "";
				GCC_WARN_64_TO_32_BIT_CONVERSION = NO;
				"GCC_WARN_64_TO_32_BIT_CONVERSION[arch=*64]" = YES;
				GCC_WARN_UNINITIALIZED_AUTOS = YES;
				INFOPLIST_FILE = "DBExample/DBExample-Info.plist";
				IPHONEOS_DEPLOYMENT_TARGET = 10.0;
				LIBRARY_SEARCH_PATHS = (
					"$(inherited)",
					"$(PROJECT_DIR)/DBExample/Analytics/Google",
				);
				PRODUCT_NAME = "$(TARGET_NAME)";
				VALID_ARCHS = "armv7 armv7s arm64";
				WRAPPER_EXTENSION = app;
			};
			name = Debug;
		};
		71225CF41926DAEE00DA1591 /* Release */ = {
			isa = XCBuildConfiguration;
			baseConfigurationReference = 91BA071A6A61426DF127E297 /* Pods-DBExample.release.xcconfig */;
			buildSettings = {
				ASSETCATALOG_COMPILER_APPICON_NAME = AppIcon;
				ASSETCATALOG_COMPILER_LAUNCHIMAGE_NAME = LaunchImage;
				CLANG_WARN_BOOL_CONVERSION = NO;
				DEVELOPMENT_TEAM = QJ7DWU7T8P;
				GCC_PRECOMPILE_PREFIX_HEADER = YES;
				GCC_PREFIX_HEADER = "DBExample/DBExample-Prefix.pch";
				GCC_WARN_64_TO_32_BIT_CONVERSION = NO;
				"GCC_WARN_64_TO_32_BIT_CONVERSION[arch=*64]" = YES;
				GCC_WARN_UNINITIALIZED_AUTOS = YES;
				INFOPLIST_FILE = "DBExample/DBExample-Info.plist";
				IPHONEOS_DEPLOYMENT_TARGET = 10.0;
				LIBRARY_SEARCH_PATHS = (
					"$(inherited)",
					"$(PROJECT_DIR)/DBExample/Analytics/Google",
				);
				PRODUCT_NAME = "$(TARGET_NAME)";
				VALID_ARCHS = "armv7 armv7s arm64";
				WRAPPER_EXTENSION = app;
			};
			name = Release;
		};
		71225CF61926DAEE00DA1591 /* Debug */ = {
			isa = XCBuildConfiguration;
			buildSettings = {
				BUNDLE_LOADER = "$(BUILT_PRODUCTS_DIR)/DBExample.app/DBExample";
				FRAMEWORK_SEARCH_PATHS = (
					"$(SDKROOT)/Developer/Library/Frameworks",
					"$(inherited)",
					"$(DEVELOPER_FRAMEWORKS_DIR)",
				);
				GCC_PRECOMPILE_PREFIX_HEADER = YES;
				GCC_PREFIX_HEADER = "DBExample/DBExample-Prefix.pch";
				GCC_PREPROCESSOR_DEFINITIONS = (
					"DEBUG=1",
					"$(inherited)",
				);
				INFOPLIST_FILE = "DBExampleTests/DBExampleTests-Info.plist";
				PRODUCT_NAME = "$(TARGET_NAME)";
				TEST_HOST = "$(BUNDLE_LOADER)";
				WRAPPER_EXTENSION = xctest;
			};
			name = Debug;
		};
		71225CF71926DAEE00DA1591 /* Release */ = {
			isa = XCBuildConfiguration;
			buildSettings = {
				BUNDLE_LOADER = "$(BUILT_PRODUCTS_DIR)/DBExample.app/DBExample";
				FRAMEWORK_SEARCH_PATHS = (
					"$(SDKROOT)/Developer/Library/Frameworks",
					"$(inherited)",
					"$(DEVELOPER_FRAMEWORKS_DIR)",
				);
				GCC_PRECOMPILE_PREFIX_HEADER = YES;
				GCC_PREFIX_HEADER = "DBExample/DBExample-Prefix.pch";
				INFOPLIST_FILE = "DBExampleTests/DBExampleTests-Info.plist";
				PRODUCT_NAME = "$(TARGET_NAME)";
				TEST_HOST = "$(BUNDLE_LOADER)";
				WRAPPER_EXTENSION = xctest;
			};
			name = Release;
		};
/* End XCBuildConfiguration section */

/* Begin XCConfigurationList section */
		71225CB81926DAEE00DA1591 /* Build configuration list for PBXProject "DBExample" */ = {
			isa = XCConfigurationList;
			buildConfigurations = (
				71225CF01926DAEE00DA1591 /* Debug */,
				71225CF11926DAEE00DA1591 /* Release */,
			);
			defaultConfigurationIsVisible = 0;
			defaultConfigurationName = Release;
		};
		71225CF21926DAEE00DA1591 /* Build configuration list for PBXNativeTarget "DBExample" */ = {
			isa = XCConfigurationList;
			buildConfigurations = (
				71225CF31926DAEE00DA1591 /* Debug */,
				71225CF41926DAEE00DA1591 /* Release */,
			);
			defaultConfigurationIsVisible = 0;
			defaultConfigurationName = Release;
		};
		71225CF51926DAEE00DA1591 /* Build configuration list for PBXNativeTarget "DBExampleTests" */ = {
			isa = XCConfigurationList;
			buildConfigurations = (
				71225CF61926DAEE00DA1591 /* Debug */,
				71225CF71926DAEE00DA1591 /* Release */,
			);
			defaultConfigurationIsVisible = 0;
			defaultConfigurationName = Release;
		};
/* End XCConfigurationList section */
	};
	rootObject = 71225CB51926DAEE00DA1591 /* Project object */;
}
